// !$*UTF8*$!
{
	archiveVersion = 1;
	classes = {
	};
	objectVersion = 50;
	objects = {

/* Begin PBXBuildFile section */
		69A52F7322D00AB200FCA0A8 /* category3.txt in Resources */ = {isa = PBXBuildFile; fileRef = 69A52F7222D00AB200FCA0A8 /* category3.txt */; };
		69A52F7522D00ABE00FCA0A8 /* category4.txt in Resources */ = {isa = PBXBuildFile; fileRef = 69A52F7422D00ABE00FCA0A8 /* category4.txt */; };
		69A52F7722D00AC900FCA0A8 /* category5.txt in Resources */ = {isa = PBXBuildFile; fileRef = 69A52F7622D00AC900FCA0A8 /* category5.txt */; };
		69A52F7922D00C4D00FCA0A8 /* category6.txt in Resources */ = {isa = PBXBuildFile; fileRef = 69A52F7822D00C4D00FCA0A8 /* category6.txt */; };
		69A52F7B22D0E29F00FCA0A8 /* error.txt in Resources */ = {isa = PBXBuildFile; fileRef = 69A52F7A22D0E29F00FCA0A8 /* error.txt */; };
		A6B03BBA22CFB76700C12DE5 /* AppDelegate.swift in Sources */ = {isa = PBXBuildFile; fileRef = A6B03BB922CFB76700C12DE5 /* AppDelegate.swift */; };
		A6B03BBC22CFB76700C12DE5 /* ViewController.swift in Sources */ = {isa = PBXBuildFile; fileRef = A6B03BBB22CFB76700C12DE5 /* ViewController.swift */; };
		A6B03BBF22CFB76700C12DE5 /* Main.storyboard in Resources */ = {isa = PBXBuildFile; fileRef = A6B03BBD22CFB76700C12DE5 /* Main.storyboard */; };
		A6B03BC122CFB76800C12DE5 /* Assets.xcassets in Resources */ = {isa = PBXBuildFile; fileRef = A6B03BC022CFB76800C12DE5 /* Assets.xcassets */; };
		A6B03BC422CFB76800C12DE5 /* LaunchScreen.storyboard in Resources */ = {isa = PBXBuildFile; fileRef = A6B03BC222CFB76800C12DE5 /* LaunchScreen.storyboard */; };
		A6B03BCF22CFB76800C12DE5 /* UIIASTests.swift in Sources */ = {isa = PBXBuildFile; fileRef = A6B03BCE22CFB76800C12DE5 /* UIIASTests.swift */; };
		A6B03BDA22CFB76800C12DE5 /* UIIASUITests.swift in Sources */ = {isa = PBXBuildFile; fileRef = A6B03BD922CFB76800C12DE5 /* UIIASUITests.swift */; };
		A6B03BE822CFB86B00C12DE5 /* ViewWord.swift in Sources */ = {isa = PBXBuildFile; fileRef = A6B03BE722CFB86B00C12DE5 /* ViewWord.swift */; };
		A6B03BEC22CFC19E00C12DE5 /* category1.txt in Resources */ = {isa = PBXBuildFile; fileRef = A6B03BEB22CFC19E00C12DE5 /* category1.txt */; };
		A6B03BEE22CFEF4B00C12DE5 /* category2.txt in Resources */ = {isa = PBXBuildFile; fileRef = A6B03BED22CFEF4B00C12DE5 /* category2.txt */; };
/* End PBXBuildFile section */

/* Begin PBXContainerItemProxy section */
		A6B03BCB22CFB76800C12DE5 /* PBXContainerItemProxy */ = {
			isa = PBXContainerItemProxy;
			containerPortal = A6B03BAE22CFB76700C12DE5 /* Project object */;
			proxyType = 1;
			remoteGlobalIDString = A6B03BB522CFB76700C12DE5;
			remoteInfo = UIIAS;
		};
		A6B03BD622CFB76800C12DE5 /* PBXContainerItemProxy */ = {
			isa = PBXContainerItemProxy;
			containerPortal = A6B03BAE22CFB76700C12DE5 /* Project object */;
			proxyType = 1;
			remoteGlobalIDString = A6B03BB522CFB76700C12DE5;
			remoteInfo = UIIAS;
		};
/* End PBXContainerItemProxy section */

/* Begin PBXFileReference section */
		69A52F7222D00AB200FCA0A8 /* category3.txt */ = {isa = PBXFileReference; fileEncoding = 4; lastKnownFileType = text; path = category3.txt; sourceTree = "<group>"; };
		69A52F7422D00ABE00FCA0A8 /* category4.txt */ = {isa = PBXFileReference; fileEncoding = 4; lastKnownFileType = text; path = category4.txt; sourceTree = "<group>"; };
		69A52F7622D00AC900FCA0A8 /* category5.txt */ = {isa = PBXFileReference; fileEncoding = 4; lastKnownFileType = text; path = category5.txt; sourceTree = "<group>"; };
		69A52F7822D00C4D00FCA0A8 /* category6.txt */ = {isa = PBXFileReference; fileEncoding = 4; lastKnownFileType = text; path = category6.txt; sourceTree = "<group>"; };
		69A52F7A22D0E29F00FCA0A8 /* error.txt */ = {isa = PBXFileReference; fileEncoding = 4; lastKnownFileType = text; path = error.txt; sourceTree = "<group>"; };
		A6B03BB622CFB76700C12DE5 /* UIIAS.app */ = {isa = PBXFileReference; explicitFileType = wrapper.application; includeInIndex = 0; path = UIIAS.app; sourceTree = BUILT_PRODUCTS_DIR; };
		A6B03BB922CFB76700C12DE5 /* AppDelegate.swift */ = {isa = PBXFileReference; lastKnownFileType = sourcecode.swift; path = AppDelegate.swift; sourceTree = "<group>"; };
		A6B03BBB22CFB76700C12DE5 /* ViewController.swift */ = {isa = PBXFileReference; fileEncoding = 4; lastKnownFileType = sourcecode.swift; path = ViewController.swift; sourceTree = "<group>"; };
		A6B03BBE22CFB76700C12DE5 /* Base */ = {isa = PBXFileReference; lastKnownFileType = file.storyboard; name = Base; path = Base.lproj/Main.storyboard; sourceTree = "<group>"; };
		A6B03BC022CFB76800C12DE5 /* Assets.xcassets */ = {isa = PBXFileReference; lastKnownFileType = folder.assetcatalog; path = Assets.xcassets; sourceTree = "<group>"; };
		A6B03BC322CFB76800C12DE5 /* Base */ = {isa = PBXFileReference; lastKnownFileType = file.storyboard; name = Base; path = Base.lproj/LaunchScreen.storyboard; sourceTree = "<group>"; };
		A6B03BC522CFB76800C12DE5 /* Info.plist */ = {isa = PBXFileReference; lastKnownFileType = text.plist.xml; path = Info.plist; sourceTree = "<group>"; };
		A6B03BCA22CFB76800C12DE5 /* UIIASTests.xctest */ = {isa = PBXFileReference; explicitFileType = wrapper.cfbundle; includeInIndex = 0; path = UIIASTests.xctest; sourceTree = BUILT_PRODUCTS_DIR; };
		A6B03BCE22CFB76800C12DE5 /* UIIASTests.swift */ = {isa = PBXFileReference; lastKnownFileType = sourcecode.swift; path = UIIASTests.swift; sourceTree = "<group>"; };
		A6B03BD022CFB76800C12DE5 /* Info.plist */ = {isa = PBXFileReference; lastKnownFileType = text.plist.xml; path = Info.plist; sourceTree = "<group>"; };
		A6B03BD522CFB76800C12DE5 /* UIIASUITests.xctest */ = {isa = PBXFileReference; explicitFileType = wrapper.cfbundle; includeInIndex = 0; path = UIIASUITests.xctest; sourceTree = BUILT_PRODUCTS_DIR; };
		A6B03BD922CFB76800C12DE5 /* UIIASUITests.swift */ = {isa = PBXFileReference; lastKnownFileType = sourcecode.swift; path = UIIASUITests.swift; sourceTree = "<group>"; };
		A6B03BDB22CFB76800C12DE5 /* Info.plist */ = {isa = PBXFileReference; lastKnownFileType = text.plist.xml; path = Info.plist; sourceTree = "<group>"; };
		A6B03BE722CFB86B00C12DE5 /* ViewWord.swift */ = {isa = PBXFileReference; lastKnownFileType = sourcecode.swift; path = ViewWord.swift; sourceTree = "<group>"; };
		A6B03BEB22CFC19E00C12DE5 /* category1.txt */ = {isa = PBXFileReference; fileEncoding = 4; lastKnownFileType = text; path = category1.txt; sourceTree = "<group>"; };
		A6B03BED22CFEF4B00C12DE5 /* category2.txt */ = {isa = PBXFileReference; fileEncoding = 4; lastKnownFileType = text; path = category2.txt; sourceTree = "<group>"; };
/* End PBXFileReference section */

/* Begin PBXFrameworksBuildPhase section */
		A6B03BB322CFB76700C12DE5 /* Frameworks */ = {
			isa = PBXFrameworksBuildPhase;
			buildActionMask = 2147483647;
			files = (
			);
			runOnlyForDeploymentPostprocessing = 0;
		};
		A6B03BC722CFB76800C12DE5 /* Frameworks */ = {
			isa = PBXFrameworksBuildPhase;
			buildActionMask = 2147483647;
			files = (
			);
			runOnlyForDeploymentPostprocessing = 0;
		};
		A6B03BD222CFB76800C12DE5 /* Frameworks */ = {
			isa = PBXFrameworksBuildPhase;
			buildActionMask = 2147483647;
			files = (
			);
			runOnlyForDeploymentPostprocessing = 0;
		};
/* End PBXFrameworksBuildPhase section */

/* Begin PBXGroup section */
		A6B03BAD22CFB76700C12DE5 = {
			isa = PBXGroup;
			children = (
				A6B03BB822CFB76700C12DE5 /* UIIAS */,
				A6B03BCD22CFB76800C12DE5 /* UIIASTests */,
				A6B03BD822CFB76800C12DE5 /* UIIASUITests */,
				A6B03BB722CFB76700C12DE5 /* Products */,
			);
			sourceTree = "<group>";
		};
		A6B03BB722CFB76700C12DE5 /* Products */ = {
			isa = PBXGroup;
			children = (
				A6B03BB622CFB76700C12DE5 /* UIIAS.app */,
				A6B03BCA22CFB76800C12DE5 /* UIIASTests.xctest */,
				A6B03BD522CFB76800C12DE5 /* UIIASUITests.xctest */,
			);
			name = Products;
			sourceTree = "<group>";
		};
		A6B03BB822CFB76700C12DE5 /* UIIAS */ = {
			isa = PBXGroup;
			children = (
				A6B03BB922CFB76700C12DE5 /* AppDelegate.swift */,
				A6B03BBB22CFB76700C12DE5 /* ViewController.swift */,
				A6B03BBD22CFB76700C12DE5 /* Main.storyboard */,
				A6B03BC022CFB76800C12DE5 /* Assets.xcassets */,
				A6B03BEB22CFC19E00C12DE5 /* category1.txt */,
				A6B03BED22CFEF4B00C12DE5 /* category2.txt */,
				69A52F7222D00AB200FCA0A8 /* category3.txt */,
				69A52F7422D00ABE00FCA0A8 /* category4.txt */,
				69A52F7622D00AC900FCA0A8 /* category5.txt */,
				69A52F7822D00C4D00FCA0A8 /* category6.txt */,
				69A52F7A22D0E29F00FCA0A8 /* error.txt */,
				A6B03BC222CFB76800C12DE5 /* LaunchScreen.storyboard */,
				A6B03BC522CFB76800C12DE5 /* Info.plist */,
				A6B03BE722CFB86B00C12DE5 /* ViewWord.swift */,
			);
			path = UIIAS;
			sourceTree = "<group>";
		};
		A6B03BCD22CFB76800C12DE5 /* UIIASTests */ = {
			isa = PBXGroup;
			children = (
				A6B03BCE22CFB76800C12DE5 /* UIIASTests.swift */,
				A6B03BD022CFB76800C12DE5 /* Info.plist */,
			);
			path = UIIASTests;
			sourceTree = "<group>";
		};
		A6B03BD822CFB76800C12DE5 /* UIIASUITests */ = {
			isa = PBXGroup;
			children = (
				A6B03BD922CFB76800C12DE5 /* UIIASUITests.swift */,
				A6B03BDB22CFB76800C12DE5 /* Info.plist */,
			);
			path = UIIASUITests;
			sourceTree = "<group>";
		};
/* End PBXGroup section */

/* Begin PBXNativeTarget section */
		A6B03BB522CFB76700C12DE5 /* UIIAS */ = {
			isa = PBXNativeTarget;
			buildConfigurationList = A6B03BDE22CFB76800C12DE5 /* Build configuration list for PBXNativeTarget "UIIAS" */;
			buildPhases = (
				A6B03BB222CFB76700C12DE5 /* Sources */,
				A6B03BB322CFB76700C12DE5 /* Frameworks */,
				A6B03BB422CFB76700C12DE5 /* Resources */,
			);
			buildRules = (
			);
			dependencies = (
			);
			name = UIIAS;
			productName = UIIAS;
			productReference = A6B03BB622CFB76700C12DE5 /* UIIAS.app */;
			productType = "com.apple.product-type.application";
		};
		A6B03BC922CFB76800C12DE5 /* UIIASTests */ = {
			isa = PBXNativeTarget;
			buildConfigurationList = A6B03BE122CFB76800C12DE5 /* Build configuration list for PBXNativeTarget "UIIASTests" */;
			buildPhases = (
				A6B03BC622CFB76800C12DE5 /* Sources */,
				A6B03BC722CFB76800C12DE5 /* Frameworks */,
				A6B03BC822CFB76800C12DE5 /* Resources */,
			);
			buildRules = (
			);
			dependencies = (
				A6B03BCC22CFB76800C12DE5 /* PBXTargetDependency */,
			);
			name = UIIASTests;
			productName = UIIASTests;
			productReference = A6B03BCA22CFB76800C12DE5 /* UIIASTests.xctest */;
			productType = "com.apple.product-type.bundle.unit-test";
		};
		A6B03BD422CFB76800C12DE5 /* UIIASUITests */ = {
			isa = PBXNativeTarget;
			buildConfigurationList = A6B03BE422CFB76800C12DE5 /* Build configuration list for PBXNativeTarget "UIIASUITests" */;
			buildPhases = (
				A6B03BD122CFB76800C12DE5 /* Sources */,
				A6B03BD222CFB76800C12DE5 /* Frameworks */,
				A6B03BD322CFB76800C12DE5 /* Resources */,
			);
			buildRules = (
			);
			dependencies = (
				A6B03BD722CFB76800C12DE5 /* PBXTargetDependency */,
			);
			name = UIIASUITests;
			productName = UIIASUITests;
			productReference = A6B03BD522CFB76800C12DE5 /* UIIASUITests.xctest */;
			productType = "com.apple.product-type.bundle.ui-testing";
		};
/* End PBXNativeTarget section */

/* Begin PBXProject section */
		A6B03BAE22CFB76700C12DE5 /* Project object */ = {
			isa = PBXProject;
			attributes = {
				LastSwiftUpdateCheck = 1020;
				LastUpgradeCheck = 1020;
				ORGANIZATIONNAME = Slackers;
				TargetAttributes = {
					A6B03BB522CFB76700C12DE5 = {
						CreatedOnToolsVersion = 10.2.1;
					};
					A6B03BC922CFB76800C12DE5 = {
						CreatedOnToolsVersion = 10.2.1;
						TestTargetID = A6B03BB522CFB76700C12DE5;
					};
					A6B03BD422CFB76800C12DE5 = {
						CreatedOnToolsVersion = 10.2.1;
						TestTargetID = A6B03BB522CFB76700C12DE5;
					};
				};
			};
			buildConfigurationList = A6B03BB122CFB76700C12DE5 /* Build configuration list for PBXProject "UIIAS" */;
			compatibilityVersion = "Xcode 9.3";
			developmentRegion = en;
			hasScannedForEncodings = 0;
			knownRegions = (
				en,
				Base,
			);
			mainGroup = A6B03BAD22CFB76700C12DE5;
			productRefGroup = A6B03BB722CFB76700C12DE5 /* Products */;
			projectDirPath = "";
			projectRoot = "";
			targets = (
				A6B03BB522CFB76700C12DE5 /* UIIAS */,
				A6B03BC922CFB76800C12DE5 /* UIIASTests */,
				A6B03BD422CFB76800C12DE5 /* UIIASUITests */,
			);
		};
/* End PBXProject section */

/* Begin PBXResourcesBuildPhase section */
		A6B03BB422CFB76700C12DE5 /* Resources */ = {
			isa = PBXResourcesBuildPhase;
			buildActionMask = 2147483647;
			files = (
				69A52F7922D00C4D00FCA0A8 /* category6.txt in Resources */,
				69A52F7322D00AB200FCA0A8 /* category3.txt in Resources */,
				A6B03BC422CFB76800C12DE5 /* LaunchScreen.storyboard in Resources */,
				69A52F7B22D0E29F00FCA0A8 /* error.txt in Resources */,
				A6B03BC122CFB76800C12DE5 /* Assets.xcassets in Resources */,
				69A52F7522D00ABE00FCA0A8 /* category4.txt in Resources */,
				A6B03BEC22CFC19E00C12DE5 /* category1.txt in Resources */,
				A6B03BEE22CFEF4B00C12DE5 /* category2.txt in Resources */,
				69A52F7722D00AC900FCA0A8 /* category5.txt in Resources */,
				A6B03BBF22CFB76700C12DE5 /* Main.storyboard in Resources */,
			);
			runOnlyForDeploymentPostprocessing = 0;
		};
		A6B03BC822CFB76800C12DE5 /* Resources */ = {
			isa = PBXResourcesBuildPhase;
			buildActionMask = 2147483647;
			files = (
			);
			runOnlyForDeploymentPostprocessing = 0;
		};
		A6B03BD322CFB76800C12DE5 /* Resources */ = {
			isa = PBXResourcesBuildPhase;
			buildActionMask = 2147483647;
			files = (
			);
			runOnlyForDeploymentPostprocessing = 0;
		};
/* End PBXResourcesBuildPhase section */

/* Begin PBXSourcesBuildPhase section */
		A6B03BB222CFB76700C12DE5 /* Sources */ = {
			isa = PBXSourcesBuildPhase;
			buildActionMask = 2147483647;
			files = (
				A6B03BBC22CFB76700C12DE5 /* ViewController.swift in Sources */,
				A6B03BBA22CFB76700C12DE5 /* AppDelegate.swift in Sources */,
				A6B03BE822CFB86B00C12DE5 /* ViewWord.swift in Sources */,
			);
			runOnlyForDeploymentPostprocessing = 0;
		};
		A6B03BC622CFB76800C12DE5 /* Sources */ = {
			isa = PBXSourcesBuildPhase;
			buildActionMask = 2147483647;
			files = (
				A6B03BCF22CFB76800C12DE5 /* UIIASTests.swift in Sources */,
			);
			runOnlyForDeploymentPostprocessing = 0;
		};
		A6B03BD122CFB76800C12DE5 /* Sources */ = {
			isa = PBXSourcesBuildPhase;
			buildActionMask = 2147483647;
			files = (
				A6B03BDA22CFB76800C12DE5 /* UIIASUITests.swift in Sources */,
			);
			runOnlyForDeploymentPostprocessing = 0;
		};
/* End PBXSourcesBuildPhase section */

/* Begin PBXTargetDependency section */
		A6B03BCC22CFB76800C12DE5 /* PBXTargetDependency */ = {
			isa = PBXTargetDependency;
			target = A6B03BB522CFB76700C12DE5 /* UIIAS */;
			targetProxy = A6B03BCB22CFB76800C12DE5 /* PBXContainerItemProxy */;
		};
		A6B03BD722CFB76800C12DE5 /* PBXTargetDependency */ = {
			isa = PBXTargetDependency;
			target = A6B03BB522CFB76700C12DE5 /* UIIAS */;
			targetProxy = A6B03BD622CFB76800C12DE5 /* PBXContainerItemProxy */;
		};
/* End PBXTargetDependency section */

/* Begin PBXVariantGroup section */
		A6B03BBD22CFB76700C12DE5 /* Main.storyboard */ = {
			isa = PBXVariantGroup;
			children = (
				A6B03BBE22CFB76700C12DE5 /* Base */,
			);
			name = Main.storyboard;
			sourceTree = "<group>";
		};
		A6B03BC222CFB76800C12DE5 /* LaunchScreen.storyboard */ = {
			isa = PBXVariantGroup;
			children = (
				A6B03BC322CFB76800C12DE5 /* Base */,
			);
			name = LaunchScreen.storyboard;
			sourceTree = "<group>";
		};
/* End PBXVariantGroup section */

/* Begin XCBuildConfiguration section */
		A6B03BDC22CFB76800C12DE5 /* Debug */ = {
			isa = XCBuildConfiguration;
			buildSettings = {
				ALWAYS_SEARCH_USER_PATHS = NO;
				CLANG_ANALYZER_NONNULL = YES;
				CLANG_ANALYZER_NUMBER_OBJECT_CONVERSION = YES_AGGRESSIVE;
				CLANG_CXX_LANGUAGE_STANDARD = "gnu++14";
				CLANG_CXX_LIBRARY = "libc++";
				CLANG_ENABLE_MODULES = YES;
				CLANG_ENABLE_OBJC_ARC = YES;
				CLANG_ENABLE_OBJC_WEAK = YES;
				CLANG_WARN_BLOCK_CAPTURE_AUTORELEASING = YES;
				CLANG_WARN_BOOL_CONVERSION = YES;
				CLANG_WARN_COMMA = YES;
				CLANG_WARN_CONSTANT_CONVERSION = YES;
				CLANG_WARN_DEPRECATED_OBJC_IMPLEMENTATIONS = YES;
				CLANG_WARN_DIRECT_OBJC_ISA_USAGE = YES_ERROR;
				CLANG_WARN_DOCUMENTATION_COMMENTS = YES;
				CLANG_WARN_EMPTY_BODY = YES;
				CLANG_WARN_ENUM_CONVERSION = YES;
				CLANG_WARN_INFINITE_RECURSION = YES;
				CLANG_WARN_INT_CONVERSION = YES;
				CLANG_WARN_NON_LITERAL_NULL_CONVERSION = YES;
				CLANG_WARN_OBJC_IMPLICIT_RETAIN_SELF = YES;
				CLANG_WARN_OBJC_LITERAL_CONVERSION = YES;
				CLANG_WARN_OBJC_ROOT_CLASS = YES_ERROR;
				CLANG_WARN_RANGE_LOOP_ANALYSIS = YES;
				CLANG_WARN_STRICT_PROTOTYPES = YES;
				CLANG_WARN_SUSPICIOUS_MOVE = YES;
				CLANG_WARN_UNGUARDED_AVAILABILITY = YES_AGGRESSIVE;
				CLANG_WARN_UNREACHABLE_CODE = YES;
				CLANG_WARN__DUPLICATE_METHOD_MATCH = YES;
				CODE_SIGN_IDENTITY = "iPhone Developer";
				COPY_PHASE_STRIP = NO;
				DEBUG_INFORMATION_FORMAT = dwarf;
				ENABLE_STRICT_OBJC_MSGSEND = YES;
				ENABLE_TESTABILITY = YES;
				GCC_C_LANGUAGE_STANDARD = gnu11;
				GCC_DYNAMIC_NO_PIC = NO;
				GCC_NO_COMMON_BLOCKS = YES;
				GCC_OPTIMIZATION_LEVEL = 0;
				GCC_PREPROCESSOR_DEFINITIONS = (
					"DEBUG=1",
					"$(inherited)",
				);
				GCC_WARN_64_TO_32_BIT_CONVERSION = YES;
				GCC_WARN_ABOUT_RETURN_TYPE = YES_ERROR;
				GCC_WARN_UNDECLARED_SELECTOR = YES;
				GCC_WARN_UNINITIALIZED_AUTOS = YES_AGGRESSIVE;
				GCC_WARN_UNUSED_FUNCTION = YES;
				GCC_WARN_UNUSED_VARIABLE = YES;
				IPHONEOS_DEPLOYMENT_TARGET = 12.2;
				MTL_ENABLE_DEBUG_INFO = INCLUDE_SOURCE;
				MTL_FAST_MATH = YES;
				ONLY_ACTIVE_ARCH = YES;
				SDKROOT = iphoneos;
				SWIFT_ACTIVE_COMPILATION_CONDITIONS = DEBUG;
				SWIFT_OPTIMIZATION_LEVEL = "-Onone";
			};
			name = Debug;
		};
		A6B03BDD22CFB76800C12DE5 /* Release */ = {
			isa = XCBuildConfiguration;
			buildSettings = {
				ALWAYS_SEARCH_USER_PATHS = NO;
				CLANG_ANALYZER_NONNULL = YES;
				CLANG_ANALYZER_NUMBER_OBJECT_CONVERSION = YES_AGGRESSIVE;
				CLANG_CXX_LANGUAGE_STANDARD = "gnu++14";
				CLANG_CXX_LIBRARY = "libc++";
				CLANG_ENABLE_MODULES = YES;
				CLANG_ENABLE_OBJC_ARC = YES;
				CLANG_ENABLE_OBJC_WEAK = YES;
				CLANG_WARN_BLOCK_CAPTURE_AUTORELEASING = YES;
				CLANG_WARN_BOOL_CONVERSION = YES;
				CLANG_WARN_COMMA = YES;
				CLANG_WARN_CONSTANT_CONVERSION = YES;
				CLANG_WARN_DEPRECATED_OBJC_IMPLEMENTATIONS = YES;
				CLANG_WARN_DIRECT_OBJC_ISA_USAGE = YES_ERROR;
				CLANG_WARN_DOCUMENTATION_COMMENTS = YES;
				CLANG_WARN_EMPTY_BODY = YES;
				CLANG_WARN_ENUM_CONVERSION = YES;
				CLANG_WARN_INFINITE_RECURSION = YES;
				CLANG_WARN_INT_CONVERSION = YES;
				CLANG_WARN_NON_LITERAL_NULL_CONVERSION = YES;
				CLANG_WARN_OBJC_IMPLICIT_RETAIN_SELF = YES;
				CLANG_WARN_OBJC_LITERAL_CONVERSION = YES;
				CLANG_WARN_OBJC_ROOT_CLASS = YES_ERROR;
				CLANG_WARN_RANGE_LOOP_ANALYSIS = YES;
				CLANG_WARN_STRICT_PROTOTYPES = YES;
				CLANG_WARN_SUSPICIOUS_MOVE = YES;
				CLANG_WARN_UNGUARDED_AVAILABILITY = YES_AGGRESSIVE;
				CLANG_WARN_UNREACHABLE_CODE = YES;
				CLANG_WARN__DUPLICATE_METHOD_MATCH = YES;
				CODE_SIGN_IDENTITY = "iPhone Developer";
				COPY_PHASE_STRIP = NO;
				DEBUG_INFORMATION_FORMAT = "dwarf-with-dsym";
				ENABLE_NS_ASSERTIONS = NO;
				ENABLE_STRICT_OBJC_MSGSEND = YES;
				GCC_C_LANGUAGE_STANDARD = gnu11;
				GCC_NO_COMMON_BLOCKS = YES;
				GCC_WARN_64_TO_32_BIT_CONVERSION = YES;
				GCC_WARN_ABOUT_RETURN_TYPE = YES_ERROR;
				GCC_WARN_UNDECLARED_SELECTOR = YES;
				GCC_WARN_UNINITIALIZED_AUTOS = YES_AGGRESSIVE;
				GCC_WARN_UNUSED_FUNCTION = YES;
				GCC_WARN_UNUSED_VARIABLE = YES;
				IPHONEOS_DEPLOYMENT_TARGET = 12.2;
				MTL_ENABLE_DEBUG_INFO = NO;
				MTL_FAST_MATH = YES;
				SDKROOT = iphoneos;
				SWIFT_COMPILATION_MODE = wholemodule;
				SWIFT_OPTIMIZATION_LEVEL = "-O";
				VALIDATE_PRODUCT = YES;
			};
			name = Release;
		};
		A6B03BDF22CFB76800C12DE5 /* Debug */ = {
			isa = XCBuildConfiguration;
			buildSettings = {
				ASSETCATALOG_COMPILER_APPICON_NAME = AppIcon;
				CODE_SIGN_STYLE = Automatic;
				DEVELOPMENT_TEAM = H7KYUZ4899;
				INFOPLIST_FILE = UIIAS/Info.plist;
				LD_RUNPATH_SEARCH_PATHS = (
					"$(inherited)",
					"@executable_path/Frameworks",
				);
				PRODUCT_BUNDLE_IDENTIFIER = slackers.UIIAS;
				PRODUCT_NAME = "$(TARGET_NAME)";
				SWIFT_VERSION = 5.0;
				TARGETED_DEVICE_FAMILY = "1,2";
			};
			name = Debug;
		};
		A6B03BE022CFB76800C12DE5 /* Release */ = {
			isa = XCBuildConfiguration;
			buildSettings = {
				ASSETCATALOG_COMPILER_APPICON_NAME = AppIcon;
				CODE_SIGN_STYLE = Automatic;
				DEVELOPMENT_TEAM = H7KYUZ4899;
				INFOPLIST_FILE = UIIAS/Info.plist;
				LD_RUNPATH_SEARCH_PATHS = (
					"$(inherited)",
					"@executable_path/Frameworks",
				);
				PRODUCT_BUNDLE_IDENTIFIER = slackers.UIIAS;
				PRODUCT_NAME = "$(TARGET_NAME)";
				SWIFT_VERSION = 5.0;
				TARGETED_DEVICE_FAMILY = "1,2";
			};
			name = Release;
		};
		A6B03BE222CFB76800C12DE5 /* Debug */ = {
			isa = XCBuildConfiguration;
			buildSettings = {
				ALWAYS_EMBED_SWIFT_STANDARD_LIBRARIES = YES;
				BUNDLE_LOADER = "$(TEST_HOST)";
				CODE_SIGN_STYLE = Automatic;
				DEVELOPMENT_TEAM = H7KYUZ4899;
				INFOPLIST_FILE = UIIASTests/Info.plist;
				LD_RUNPATH_SEARCH_PATHS = (
					"$(inherited)",
					"@executable_path/Frameworks",
					"@loader_path/Frameworks",
				);
				PRODUCT_BUNDLE_IDENTIFIER = slackers.UIIASTests;
				PRODUCT_NAME = "$(TARGET_NAME)";
				SWIFT_VERSION = 5.0;
				TARGETED_DEVICE_FAMILY = "1,2";
				TEST_HOST = "$(BUILT_PRODUCTS_DIR)/UIIAS.app/UIIAS";
			};
			name = Debug;
		};
		A6B03BE322CFB76800C12DE5 /* Release */ = {
			isa = XCBuildConfiguration;
			buildSettings = {
				ALWAYS_EMBED_SWIFT_STANDARD_LIBRARIES = YES;
				BUNDLE_LOADER = "$(TEST_HOST)";
				CODE_SIGN_STYLE = Automatic;
				DEVELOPMENT_TEAM = H7KYUZ4899;
				INFOPLIST_FILE = UIIASTests/Info.plist;
				LD_RUNPATH_SEARCH_PATHS = (
					"$(inherited)",
					"@executable_path/Frameworks",
					"@loader_path/Frameworks",
				);
				PRODUCT_BUNDLE_IDENTIFIER = slackers.UIIASTests;
				PRODUCT_NAME = "$(TARGET_NAME)";
				SWIFT_VERSION = 5.0;
				TARGETED_DEVICE_FAMILY = "1,2";
				TEST_HOST = "$(BUILT_PRODUCTS_DIR)/UIIAS.app/UIIAS";
			};
			name = Release;
		};
		A6B03BE522CFB76800C12DE5 /* Debug */ = {
			isa = XCBuildConfiguration;
			buildSettings = {
				ALWAYS_EMBED_SWIFT_STANDARD_LIBRARIES = YES;
				CODE_SIGN_STYLE = Automatic;
				DEVELOPMENT_TEAM = H7KYUZ4899;
				INFOPLIST_FILE = UIIASUITests/Info.plist;
				LD_RUNPATH_SEARCH_PATHS = (
					"$(inherited)",
					"@executable_path/Frameworks",
					"@loader_path/Frameworks",
				);
				PRODUCT_BUNDLE_IDENTIFIER = slackers.UIIASUITests;
				PRODUCT_NAME = "$(TARGET_NAME)";
				SWIFT_VERSION = 5.0;
				TARGETED_DEVICE_FAMILY = "1,2";
				TEST_TARGET_NAME = UIIAS;
			};
			name = Debug;
		};
		A6B03BE622CFB76800C12DE5 /* Release */ = {
			isa = XCBuildConfiguration;
			buildSettings = {
				ALWAYS_EMBED_SWIFT_STANDARD_LIBRARIES = YES;
				CODE_SIGN_STYLE = Automatic;
				DEVELOPMENT_TEAM = H7KYUZ4899;
				INFOPLIST_FILE = UIIASUITests/Info.plist;
				LD_RUNPATH_SEARCH_PATHS = (
					"$(inherited)",
					"@executable_path/Frameworks",
					"@loader_path/Frameworks",
				);
				PRODUCT_BUNDLE_IDENTIFIER = slackers.UIIASUITests;
				PRODUCT_NAME = "$(TARGET_NAME)";
				SWIFT_VERSION = 5.0;
				TARGETED_DEVICE_FAMILY = "1,2";
				TEST_TARGET_NAME = UIIAS;
			};
			name = Release;
		};
/* End XCBuildConfiguration section */

/* Begin XCConfigurationList section */
		A6B03BB122CFB76700C12DE5 /* Build configuration list for PBXProject "UIIAS" */ = {
			isa = XCConfigurationList;
			buildConfigurations = (
				A6B03BDC22CFB76800C12DE5 /* Debug */,
				A6B03BDD22CFB76800C12DE5 /* Release */,
			);
			defaultConfigurationIsVisible = 0;
			defaultConfigurationName = Release;
		};
		A6B03BDE22CFB76800C12DE5 /* Build configuration list for PBXNativeTarget "UIIAS" */ = {
			isa = XCConfigurationList;
			buildConfigurations = (
				A6B03BDF22CFB76800C12DE5 /* Debug */,
				A6B03BE022CFB76800C12DE5 /* Release */,
			);
			defaultConfigurationIsVisible = 0;
			defaultConfigurationName = Release;
		};
		A6B03BE122CFB76800C12DE5 /* Build configuration list for PBXNativeTarget "UIIASTests" */ = {
			isa = XCConfigurationList;
			buildConfigurations = (
				A6B03BE222CFB76800C12DE5 /* Debug */,
				A6B03BE322CFB76800C12DE5 /* Release */,
			);
			defaultConfigurationIsVisible = 0;
			defaultConfigurationName = Release;
		};
		A6B03BE422CFB76800C12DE5 /* Build configuration list for PBXNativeTarget "UIIASUITests" */ = {
			isa = XCConfigurationList;
			buildConfigurations = (
				A6B03BE522CFB76800C12DE5 /* Debug */,
				A6B03BE622CFB76800C12DE5 /* Release */,
			);
			defaultConfigurationIsVisible = 0;
			defaultConfigurationName = Release;
		};
/* End XCConfigurationList section */
	};
	rootObject = A6B03BAE22CFB76700C12DE5 /* Project object */;
}
